
Microsoft Visual Studio Solution File, Format Version 12.00
# Visual Studio Version 17
VisualStudioVersion = 17.0.31903.59
MinimumVisualStudioVersion = 10.0.40219.1
Project("{2150E333-8FDC-42A3-9474-1A3956D46DE8}") = "src", "src", "{8CA67802-3397-4BC5-A2B8-2BC9E34BD230}"
EndProject
Project("{2150E333-8FDC-42A3-9474-1A3956D46DE8}") = "BuildingBlocks", "BuildingBlocks", "{6FBBE399-177E-4B83-B78C-745A8B60FDA7}"
EndProject
Project("{2150E333-8FDC-42A3-9474-1A3956D46DE8}") = "Messaging", "Messaging", "{B324E511-904C-46A3-B1DA-2529576A9507}"
EndProject
Project("{9A19103F-16F7-4668-BE54-9A1E7A4F7556}") = "Messaging", "src\BuildingBlocks\Messaging\Messaging\Messaging.csproj", "{7C6FB8A8-A646-4C52-9B9E-EDA41DA6D9C5}"
EndProject
Project("{9A19103F-16F7-4668-BE54-9A1E7A4F7556}") = "Messaging.Udp", "src\BuildingBlocks\Messaging\Messaging.Udp\Messaging.Udp.csproj", "{FEC5FC05-EFA9-495C-8BB8-ED74189059AF}"
EndProject
Project("{2150E333-8FDC-42A3-9474-1A3956D46DE8}") = "Services", "Services", "{DBC1A407-8AE5-4028-9149-C393B35056D5}"
EndProject
Project("{9A19103F-16F7-4668-BE54-9A1E7A4F7556}") = "Kernel", "src\BuildingBlocks\Kernel\Kernel.csproj", "{7B596DEE-562B-4D92-824E-23A380CB5EF3}"
EndProject
Project("{2150E333-8FDC-42A3-9474-1A3956D46DE8}") = "Telemetry", "Telemetry", "{F429FFEA-3AEA-4120-A8A5-9DE0FEFFF434}"
EndProject
Project("{9A19103F-16F7-4668-BE54-9A1E7A4F7556}") = "Telemetry", "src\BuildingBlocks\Telemetry\Telemetry\Telemetry.csproj", "{F4FE7EE3-FB57-4BB5-BA76-AC5F1E80B669}"
EndProject
Project("{2150E333-8FDC-42A3-9474-1A3956D46DE8}") = "ContentService", "ContentService", "{795FAFB5-FA67-4130-A677-39F42E918EAB}"
EndProject
Project("{FAE04EC0-301F-11D3-BF4B-00C04F79EFBC}") = "ContentService.Core", "src\Services\ContentService\ContentService.Core\ContentService.Core.csproj", "{E94D6303-76BC-4E92-9361-D697A24E150D}"
EndProject
Project("{2150E333-8FDC-42A3-9474-1A3956D46DE8}") = "Security", "Security", "{B27747C4-6968-4114-8833-BE8D988E5D62}"
EndProject
Project("{FAE04EC0-301F-11D3-BF4B-00C04F79EFBC}") = "Security", "src\BuildingBlocks\Security\Security\Security.csproj", "{2B627376-4DDD-42A2-BDE9-67B23F92AA97}"
EndProject
Project("{2150E333-8FDC-42A3-9474-1A3956D46DE8}") = "Validation", "Validation", "{C0DE5C69-6D0F-4841-8AB4-B4AAD608C2D6}"
EndProject
Project("{FAE04EC0-301F-11D3-BF4B-00C04F79EFBC}") = "Validation", "src\BuildingBlocks\Validation\Validation\Validation.csproj", "{CC28885D-A8C2-40A0-AF23-BF4B647EBDCD}"
EndProject
Project("{FAE04EC0-301F-11D3-BF4B-00C04F79EFBC}") = "ContentService.Infrastructure", "src\Services\ContentService\ContentService.Infrastructure\ContentService.Infrastructure.csproj", "{DFC527EE-1A19-4021-A3B5-D7957E762494}"
EndProject
Project("{FAE04EC0-301F-11D3-BF4B-00C04F79EFBC}") = "ContentService.Api", "src\Services\ContentService\ContentService.Api\ContentService.Api.csproj", "{2136BBFF-5E56-4320-BA8F-DFA3368123CE}"
EndProject
Project("{2150E333-8FDC-42A3-9474-1A3956D46DE8}") = "IdentityService", "IdentityService", "{D5CE6FCA-BF9E-49E6-88B9-B12846F38314}"
EndProject
Project("{FAE04EC0-301F-11D3-BF4B-00C04F79EFBC}") = "IdentityService.Api", "src\Services\IdentityService\IdentityService.Api\IdentityService.Api.csproj", "{420C24D9-4EA4-4376-A291-0B6E798A2101}"
EndProject
Project("{FAE04EC0-301F-11D3-BF4B-00C04F79EFBC}") = "IdentityService.Core", "src\Services\IdentityService\IdentityService.Core\IdentityService.Core.csproj", "{946EEB71-10DD-4CED-A792-5F8CD3C799C4}"
EndProject
Project("{FAE04EC0-301F-11D3-BF4B-00C04F79EFBC}") = "IdentityService.Infrastructure", "src\Services\IdentityService\IdentityService.Infrastructure\IdentityService.Infrastructure.csproj", "{38E2B841-FFB5-4261-A113-A0C9A08621C0}"
EndProject
Global
	GlobalSection(SolutionConfigurationPlatforms) = preSolution
		Debug|Any CPU = Debug|Any CPU
		Debug|x64 = Debug|x64
		Debug|x86 = Debug|x86
		Release|Any CPU = Release|Any CPU
		Release|x64 = Release|x64
		Release|x86 = Release|x86
	EndGlobalSection
	GlobalSection(ProjectConfigurationPlatforms) = postSolution
		{7C6FB8A8-A646-4C52-9B9E-EDA41DA6D9C5}.Debug|Any CPU.ActiveCfg = Debug|Any CPU
		{7C6FB8A8-A646-4C52-9B9E-EDA41DA6D9C5}.Debug|Any CPU.Build.0 = Debug|Any CPU
		{7C6FB8A8-A646-4C52-9B9E-EDA41DA6D9C5}.Debug|x64.ActiveCfg = Debug|Any CPU
		{7C6FB8A8-A646-4C52-9B9E-EDA41DA6D9C5}.Debug|x64.Build.0 = Debug|Any CPU
		{7C6FB8A8-A646-4C52-9B9E-EDA41DA6D9C5}.Debug|x86.ActiveCfg = Debug|Any CPU
		{7C6FB8A8-A646-4C52-9B9E-EDA41DA6D9C5}.Debug|x86.Build.0 = Debug|Any CPU
		{7C6FB8A8-A646-4C52-9B9E-EDA41DA6D9C5}.Release|Any CPU.ActiveCfg = Release|Any CPU
		{7C6FB8A8-A646-4C52-9B9E-EDA41DA6D9C5}.Release|Any CPU.Build.0 = Release|Any CPU
		{7C6FB8A8-A646-4C52-9B9E-EDA41DA6D9C5}.Release|x64.ActiveCfg = Release|Any CPU
		{7C6FB8A8-A646-4C52-9B9E-EDA41DA6D9C5}.Release|x64.Build.0 = Release|Any CPU
		{7C6FB8A8-A646-4C52-9B9E-EDA41DA6D9C5}.Release|x86.ActiveCfg = Release|Any CPU
		{7C6FB8A8-A646-4C52-9B9E-EDA41DA6D9C5}.Release|x86.Build.0 = Release|Any CPU
		{FEC5FC05-EFA9-495C-8BB8-ED74189059AF}.Debug|Any CPU.ActiveCfg = Debug|Any CPU
		{FEC5FC05-EFA9-495C-8BB8-ED74189059AF}.Debug|Any CPU.Build.0 = Debug|Any CPU
		{FEC5FC05-EFA9-495C-8BB8-ED74189059AF}.Debug|x64.ActiveCfg = Debug|Any CPU
		{FEC5FC05-EFA9-495C-8BB8-ED74189059AF}.Debug|x64.Build.0 = Debug|Any CPU
		{FEC5FC05-EFA9-495C-8BB8-ED74189059AF}.Debug|x86.ActiveCfg = Debug|Any CPU
		{FEC5FC05-EFA9-495C-8BB8-ED74189059AF}.Debug|x86.Build.0 = Debug|Any CPU
		{FEC5FC05-EFA9-495C-8BB8-ED74189059AF}.Release|Any CPU.ActiveCfg = Release|Any CPU
		{FEC5FC05-EFA9-495C-8BB8-ED74189059AF}.Release|Any CPU.Build.0 = Release|Any CPU
		{FEC5FC05-EFA9-495C-8BB8-ED74189059AF}.Release|x64.ActiveCfg = Release|Any CPU
		{FEC5FC05-EFA9-495C-8BB8-ED74189059AF}.Release|x64.Build.0 = Release|Any CPU
		{FEC5FC05-EFA9-495C-8BB8-ED74189059AF}.Release|x86.ActiveCfg = Release|Any CPU
		{FEC5FC05-EFA9-495C-8BB8-ED74189059AF}.Release|x86.Build.0 = Release|Any CPU
		{7B596DEE-562B-4D92-824E-23A380CB5EF3}.Debug|Any CPU.ActiveCfg = Debug|Any CPU
		{7B596DEE-562B-4D92-824E-23A380CB5EF3}.Debug|Any CPU.Build.0 = Debug|Any CPU
		{7B596DEE-562B-4D92-824E-23A380CB5EF3}.Debug|x64.ActiveCfg = Debug|Any CPU
		{7B596DEE-562B-4D92-824E-23A380CB5EF3}.Debug|x64.Build.0 = Debug|Any CPU
		{7B596DEE-562B-4D92-824E-23A380CB5EF3}.Debug|x86.ActiveCfg = Debug|Any CPU
		{7B596DEE-562B-4D92-824E-23A380CB5EF3}.Debug|x86.Build.0 = Debug|Any CPU
		{7B596DEE-562B-4D92-824E-23A380CB5EF3}.Release|Any CPU.ActiveCfg = Release|Any CPU
		{7B596DEE-562B-4D92-824E-23A380CB5EF3}.Release|Any CPU.Build.0 = Release|Any CPU
		{7B596DEE-562B-4D92-824E-23A380CB5EF3}.Release|x64.ActiveCfg = Release|Any CPU
		{7B596DEE-562B-4D92-824E-23A380CB5EF3}.Release|x64.Build.0 = Release|Any CPU
		{7B596DEE-562B-4D92-824E-23A380CB5EF3}.Release|x86.ActiveCfg = Release|Any CPU
		{7B596DEE-562B-4D92-824E-23A380CB5EF3}.Release|x86.Build.0 = Release|Any CPU
		{F4FE7EE3-FB57-4BB5-BA76-AC5F1E80B669}.Debug|Any CPU.ActiveCfg = Debug|Any CPU
		{F4FE7EE3-FB57-4BB5-BA76-AC5F1E80B669}.Debug|Any CPU.Build.0 = Debug|Any CPU
		{F4FE7EE3-FB57-4BB5-BA76-AC5F1E80B669}.Debug|x64.ActiveCfg = Debug|Any CPU
		{F4FE7EE3-FB57-4BB5-BA76-AC5F1E80B669}.Debug|x64.Build.0 = Debug|Any CPU
		{F4FE7EE3-FB57-4BB5-BA76-AC5F1E80B669}.Debug|x86.ActiveCfg = Debug|Any CPU
		{F4FE7EE3-FB57-4BB5-BA76-AC5F1E80B669}.Debug|x86.Build.0 = Debug|Any CPU
		{F4FE7EE3-FB57-4BB5-BA76-AC5F1E80B669}.Release|Any CPU.ActiveCfg = Release|Any CPU
		{F4FE7EE3-FB57-4BB5-BA76-AC5F1E80B669}.Release|Any CPU.Build.0 = Release|Any CPU
		{F4FE7EE3-FB57-4BB5-BA76-AC5F1E80B669}.Release|x64.ActiveCfg = Release|Any CPU
		{F4FE7EE3-FB57-4BB5-BA76-AC5F1E80B669}.Release|x64.Build.0 = Release|Any CPU
		{F4FE7EE3-FB57-4BB5-BA76-AC5F1E80B669}.Release|x86.ActiveCfg = Release|Any CPU
		{F4FE7EE3-FB57-4BB5-BA76-AC5F1E80B669}.Release|x86.Build.0 = Release|Any CPU
		{E94D6303-76BC-4E92-9361-D697A24E150D}.Debug|Any CPU.ActiveCfg = Debug|Any CPU
		{E94D6303-76BC-4E92-9361-D697A24E150D}.Debug|Any CPU.Build.0 = Debug|Any CPU
		{E94D6303-76BC-4E92-9361-D697A24E150D}.Debug|x64.ActiveCfg = Debug|Any CPU
		{E94D6303-76BC-4E92-9361-D697A24E150D}.Debug|x64.Build.0 = Debug|Any CPU
		{E94D6303-76BC-4E92-9361-D697A24E150D}.Debug|x86.ActiveCfg = Debug|Any CPU
		{E94D6303-76BC-4E92-9361-D697A24E150D}.Debug|x86.Build.0 = Debug|Any CPU
		{E94D6303-76BC-4E92-9361-D697A24E150D}.Release|Any CPU.ActiveCfg = Release|Any CPU
		{E94D6303-76BC-4E92-9361-D697A24E150D}.Release|Any CPU.Build.0 = Release|Any CPU
		{E94D6303-76BC-4E92-9361-D697A24E150D}.Release|x64.ActiveCfg = Release|Any CPU
		{E94D6303-76BC-4E92-9361-D697A24E150D}.Release|x64.Build.0 = Release|Any CPU
		{E94D6303-76BC-4E92-9361-D697A24E150D}.Release|x86.ActiveCfg = Release|Any CPU
		{E94D6303-76BC-4E92-9361-D697A24E150D}.Release|x86.Build.0 = Release|Any CPU
		{2B627376-4DDD-42A2-BDE9-67B23F92AA97}.Debug|Any CPU.ActiveCfg = Debug|Any CPU
		{2B627376-4DDD-42A2-BDE9-67B23F92AA97}.Debug|Any CPU.Build.0 = Debug|Any CPU
		{2B627376-4DDD-42A2-BDE9-67B23F92AA97}.Debug|x64.ActiveCfg = Debug|Any CPU
		{2B627376-4DDD-42A2-BDE9-67B23F92AA97}.Debug|x64.Build.0 = Debug|Any CPU
		{2B627376-4DDD-42A2-BDE9-67B23F92AA97}.Debug|x86.ActiveCfg = Debug|Any CPU
		{2B627376-4DDD-42A2-BDE9-67B23F92AA97}.Debug|x86.Build.0 = Debug|Any CPU
		{2B627376-4DDD-42A2-BDE9-67B23F92AA97}.Release|Any CPU.ActiveCfg = Release|Any CPU
		{2B627376-4DDD-42A2-BDE9-67B23F92AA97}.Release|Any CPU.Build.0 = Release|Any CPU
		{2B627376-4DDD-42A2-BDE9-67B23F92AA97}.Release|x64.ActiveCfg = Release|Any CPU
		{2B627376-4DDD-42A2-BDE9-67B23F92AA97}.Release|x64.Build.0 = Release|Any CPU
		{2B627376-4DDD-42A2-BDE9-67B23F92AA97}.Release|x86.ActiveCfg = Release|Any CPU
		{2B627376-4DDD-42A2-BDE9-67B23F92AA97}.Release|x86.Build.0 = Release|Any CPU
		{CC28885D-A8C2-40A0-AF23-BF4B647EBDCD}.Debug|Any CPU.ActiveCfg = Debug|Any CPU
		{CC28885D-A8C2-40A0-AF23-BF4B647EBDCD}.Debug|Any CPU.Build.0 = Debug|Any CPU
		{CC28885D-A8C2-40A0-AF23-BF4B647EBDCD}.Debug|x64.ActiveCfg = Debug|Any CPU
		{CC28885D-A8C2-40A0-AF23-BF4B647EBDCD}.Debug|x64.Build.0 = Debug|Any CPU
		{CC28885D-A8C2-40A0-AF23-BF4B647EBDCD}.Debug|x86.ActiveCfg = Debug|Any CPU
		{CC28885D-A8C2-40A0-AF23-BF4B647EBDCD}.Debug|x86.Build.0 = Debug|Any CPU
		{CC28885D-A8C2-40A0-AF23-BF4B647EBDCD}.Release|Any CPU.ActiveCfg = Release|Any CPU
		{CC28885D-A8C2-40A0-AF23-BF4B647EBDCD}.Release|Any CPU.Build.0 = Release|Any CPU
		{CC28885D-A8C2-40A0-AF23-BF4B647EBDCD}.Release|x64.ActiveCfg = Release|Any CPU
		{CC28885D-A8C2-40A0-AF23-BF4B647EBDCD}.Release|x64.Build.0 = Release|Any CPU
		{CC28885D-A8C2-40A0-AF23-BF4B647EBDCD}.Release|x86.ActiveCfg = Release|Any CPU
		{CC28885D-A8C2-40A0-AF23-BF4B647EBDCD}.Release|x86.Build.0 = Release|Any CPU
		{DFC527EE-1A19-4021-A3B5-D7957E762494}.Debug|Any CPU.ActiveCfg = Debug|Any CPU
		{DFC527EE-1A19-4021-A3B5-D7957E762494}.Debug|Any CPU.Build.0 = Debug|Any CPU
		{DFC527EE-1A19-4021-A3B5-D7957E762494}.Debug|x64.ActiveCfg = Debug|Any CPU
		{DFC527EE-1A19-4021-A3B5-D7957E762494}.Debug|x64.Build.0 = Debug|Any CPU
		{DFC527EE-1A19-4021-A3B5-D7957E762494}.Debug|x86.ActiveCfg = Debug|Any CPU
		{DFC527EE-1A19-4021-A3B5-D7957E762494}.Debug|x86.Build.0 = Debug|Any CPU
		{DFC527EE-1A19-4021-A3B5-D7957E762494}.Release|Any CPU.ActiveCfg = Release|Any CPU
		{DFC527EE-1A19-4021-A3B5-D7957E762494}.Release|Any CPU.Build.0 = Release|Any CPU
		{DFC527EE-1A19-4021-A3B5-D7957E762494}.Release|x64.ActiveCfg = Release|Any CPU
		{DFC527EE-1A19-4021-A3B5-D7957E762494}.Release|x64.Build.0 = Release|Any CPU
		{DFC527EE-1A19-4021-A3B5-D7957E762494}.Release|x86.ActiveCfg = Release|Any CPU
		{DFC527EE-1A19-4021-A3B5-D7957E762494}.Release|x86.Build.0 = Release|Any CPU
		{2136BBFF-5E56-4320-BA8F-DFA3368123CE}.Debug|Any CPU.ActiveCfg = Debug|Any CPU
		{2136BBFF-5E56-4320-BA8F-DFA3368123CE}.Debug|Any CPU.Build.0 = Debug|Any CPU
		{2136BBFF-5E56-4320-BA8F-DFA3368123CE}.Debug|x64.ActiveCfg = Debug|Any CPU
		{2136BBFF-5E56-4320-BA8F-DFA3368123CE}.Debug|x64.Build.0 = Debug|Any CPU
		{2136BBFF-5E56-4320-BA8F-DFA3368123CE}.Debug|x86.ActiveCfg = Debug|Any CPU
		{2136BBFF-5E56-4320-BA8F-DFA3368123CE}.Debug|x86.Build.0 = Debug|Any CPU
		{2136BBFF-5E56-4320-BA8F-DFA3368123CE}.Release|Any CPU.ActiveCfg = Release|Any CPU
		{2136BBFF-5E56-4320-BA8F-DFA3368123CE}.Release|Any CPU.Build.0 = Release|Any CPU
		{2136BBFF-5E56-4320-BA8F-DFA3368123CE}.Release|x64.ActiveCfg = Release|Any CPU
		{2136BBFF-5E56-4320-BA8F-DFA3368123CE}.Release|x64.Build.0 = Release|Any CPU
		{2136BBFF-5E56-4320-BA8F-DFA3368123CE}.Release|x86.ActiveCfg = Release|Any CPU
		{2136BBFF-5E56-4320-BA8F-DFA3368123CE}.Release|x86.Build.0 = Release|Any CPU
		{420C24D9-4EA4-4376-A291-0B6E798A2101}.Debug|Any CPU.ActiveCfg = Debug|Any CPU
		{420C24D9-4EA4-4376-A291-0B6E798A2101}.Debug|Any CPU.Build.0 = Debug|Any CPU
		{420C24D9-4EA4-4376-A291-0B6E798A2101}.Debug|x64.ActiveCfg = Debug|Any CPU
		{420C24D9-4EA4-4376-A291-0B6E798A2101}.Debug|x64.Build.0 = Debug|Any CPU
		{420C24D9-4EA4-4376-A291-0B6E798A2101}.Debug|x86.ActiveCfg = Debug|Any CPU
		{420C24D9-4EA4-4376-A291-0B6E798A2101}.Debug|x86.Build.0 = Debug|Any CPU
		{420C24D9-4EA4-4376-A291-0B6E798A2101}.Release|Any CPU.ActiveCfg = Release|Any CPU
		{420C24D9-4EA4-4376-A291-0B6E798A2101}.Release|Any CPU.Build.0 = Release|Any CPU
		{420C24D9-4EA4-4376-A291-0B6E798A2101}.Release|x64.ActiveCfg = Release|Any CPU
		{420C24D9-4EA4-4376-A291-0B6E798A2101}.Release|x64.Build.0 = Release|Any CPU
		{420C24D9-4EA4-4376-A291-0B6E798A2101}.Release|x86.ActiveCfg = Release|Any CPU
		{420C24D9-4EA4-4376-A291-0B6E798A2101}.Release|x86.Build.0 = Release|Any CPU
		{946EEB71-10DD-4CED-A792-5F8CD3C799C4}.Debug|Any CPU.ActiveCfg = Debug|Any CPU
		{946EEB71-10DD-4CED-A792-5F8CD3C799C4}.Debug|Any CPU.Build.0 = Debug|Any CPU
		{946EEB71-10DD-4CED-A792-5F8CD3C799C4}.Debug|x64.ActiveCfg = Debug|Any CPU
		{946EEB71-10DD-4CED-A792-5F8CD3C799C4}.Debug|x64.Build.0 = Debug|Any CPU
		{946EEB71-10DD-4CED-A792-5F8CD3C799C4}.Debug|x86.ActiveCfg = Debug|Any CPU
		{946EEB71-10DD-4CED-A792-5F8CD3C799C4}.Debug|x86.Build.0 = Debug|Any CPU
		{946EEB71-10DD-4CED-A792-5F8CD3C799C4}.Release|Any CPU.ActiveCfg = Release|Any CPU
		{946EEB71-10DD-4CED-A792-5F8CD3C799C4}.Release|Any CPU.Build.0 = Release|Any CPU
		{946EEB71-10DD-4CED-A792-5F8CD3C799C4}.Release|x64.ActiveCfg = Release|Any CPU
		{946EEB71-10DD-4CED-A792-5F8CD3C799C4}.Release|x64.Build.0 = Release|Any CPU
		{946EEB71-10DD-4CED-A792-5F8CD3C799C4}.Release|x86.ActiveCfg = Release|Any CPU
		{946EEB71-10DD-4CED-A792-5F8CD3C799C4}.Release|x86.Build.0 = Release|Any CPU
		{38E2B841-FFB5-4261-A113-A0C9A08621C0}.Debug|Any CPU.ActiveCfg = Debug|Any CPU
		{38E2B841-FFB5-4261-A113-A0C9A08621C0}.Debug|Any CPU.Build.0 = Debug|Any CPU
		{38E2B841-FFB5-4261-A113-A0C9A08621C0}.Debug|x64.ActiveCfg = Debug|Any CPU
		{38E2B841-FFB5-4261-A113-A0C9A08621C0}.Debug|x64.Build.0 = Debug|Any CPU
		{38E2B841-FFB5-4261-A113-A0C9A08621C0}.Debug|x86.ActiveCfg = Debug|Any CPU
		{38E2B841-FFB5-4261-A113-A0C9A08621C0}.Debug|x86.Build.0 = Debug|Any CPU
		{38E2B841-FFB5-4261-A113-A0C9A08621C0}.Release|Any CPU.ActiveCfg = Release|Any CPU
		{38E2B841-FFB5-4261-A113-A0C9A08621C0}.Release|Any CPU.Build.0 = Release|Any CPU
		{38E2B841-FFB5-4261-A113-A0C9A08621C0}.Release|x64.ActiveCfg = Release|Any CPU
		{38E2B841-FFB5-4261-A113-A0C9A08621C0}.Release|x64.Build.0 = Release|Any CPU
		{38E2B841-FFB5-4261-A113-A0C9A08621C0}.Release|x86.ActiveCfg = Release|Any CPU
		{38E2B841-FFB5-4261-A113-A0C9A08621C0}.Release|x86.Build.0 = Release|Any CPU
	EndGlobalSection
	GlobalSection(SolutionProperties) = preSolution
		HideSolutionNode = FALSE
	EndGlobalSection
	GlobalSection(NestedProjects) = preSolution
		{6FBBE399-177E-4B83-B78C-745A8B60FDA7} = {8CA67802-3397-4BC5-A2B8-2BC9E34BD230}
		{B324E511-904C-46A3-B1DA-2529576A9507} = {6FBBE399-177E-4B83-B78C-745A8B60FDA7}
		{7C6FB8A8-A646-4C52-9B9E-EDA41DA6D9C5} = {B324E511-904C-46A3-B1DA-2529576A9507}
		{FEC5FC05-EFA9-495C-8BB8-ED74189059AF} = {B324E511-904C-46A3-B1DA-2529576A9507}
		{DBC1A407-8AE5-4028-9149-C393B35056D5} = {8CA67802-3397-4BC5-A2B8-2BC9E34BD230}
		{7B596DEE-562B-4D92-824E-23A380CB5EF3} = {6FBBE399-177E-4B83-B78C-745A8B60FDA7}
		{F429FFEA-3AEA-4120-A8A5-9DE0FEFFF434} = {6FBBE399-177E-4B83-B78C-745A8B60FDA7}
		{F4FE7EE3-FB57-4BB5-BA76-AC5F1E80B669} = {F429FFEA-3AEA-4120-A8A5-9DE0FEFFF434}
		{795FAFB5-FA67-4130-A677-39F42E918EAB} = {DBC1A407-8AE5-4028-9149-C393B35056D5}
		{E94D6303-76BC-4E92-9361-D697A24E150D} = {795FAFB5-FA67-4130-A677-39F42E918EAB}
		{B27747C4-6968-4114-8833-BE8D988E5D62} = {6FBBE399-177E-4B83-B78C-745A8B60FDA7}
		{2B627376-4DDD-42A2-BDE9-67B23F92AA97} = {B27747C4-6968-4114-8833-BE8D988E5D62}
		{C0DE5C69-6D0F-4841-8AB4-B4AAD608C2D6} = {6FBBE399-177E-4B83-B78C-745A8B60FDA7}
		{CC28885D-A8C2-40A0-AF23-BF4B647EBDCD} = {C0DE5C69-6D0F-4841-8AB4-B4AAD608C2D6}
		{DFC527EE-1A19-4021-A3B5-D7957E762494} = {795FAFB5-FA67-4130-A677-39F42E918EAB}
		{2136BBFF-5E56-4320-BA8F-DFA3368123CE} = {795FAFB5-FA67-4130-A677-39F42E918EAB}
		{D5CE6FCA-BF9E-49E6-88B9-B12846F38314} = {DBC1A407-8AE5-4028-9149-C393B35056D5}
		{420C24D9-4EA4-4376-A291-0B6E798A2101} = {D5CE6FCA-BF9E-49E6-88B9-B12846F38314}
		{946EEB71-10DD-4CED-A792-5F8CD3C799C4} = {D5CE6FCA-BF9E-49E6-88B9-B12846F38314}
		{38E2B841-FFB5-4261-A113-A0C9A08621C0} = {D5CE6FCA-BF9E-49E6-88B9-B12846F38314}
	EndGlobalSection
	GlobalSection(ExtensibilityGlobals) = postSolution
		SolutionGuid = {1C64CCD3-29F7-45A0-A1ED-A158E219F542}
	EndGlobalSection
EndGlobal
